
Microsoft Visual Studio Solution File, Format Version 12.00
# Visual Studio Version 17
VisualStudioVersion = 17.11.35327.3
MinimumVisualStudioVersion = 10.0.40219.1
Project("{FAE04EC0-301F-11D3-BF4B-00C04F79EFBC}") = "SQLiteApp", "SQLiteApp.csproj", "{8572FA48-92D1-4094-BD8F-B9296C7E8175}"
EndProject
Global
	GlobalSection(SolutionConfigurationPlatforms) = preSolution
		Debug|Any CPU = Debug|Any CPU
		Release|Any CPU = Release|Any CPU
	EndGlobalSection
	GlobalSection(ProjectConfigurationPlatforms) = postSolution
		{8572FA48-92D1-4094-BD8F-B9296C7E8175}.Debug|Any CPU.ActiveCfg = Debug|Any CPU
		{8572FA48-92D1-4094-BD8F-B9296C7E8175}.Debug|Any CPU.Build.0 = Debug|Any CPU
		{8572FA48-92D1-4094-BD8F-B9296C7E8175}.Release|Any CPU.ActiveCfg = Release|Any CPU
		{8572FA48-92D1-4094-BD8F-B9296C7E8175}.Release|Any CPU.Build.0 = Release|Any CPU
	EndGlobalSection
	GlobalSection(SolutionProperties) = preSolution
		HideSolutionNode = FALSE
	EndGlobalSection
	GlobalSection(ExtensibilityGlobals) = postSolution
		SolutionGuid = {3F6A03CF-8980-4549-A7F2-997C6B6AE995}
	EndGlobalSection
EndGlobal
